
Microsoft Visual Studio Solution File, Format Version 12.00
# Visual Studio Version 16
VisualStudioVersion = 16.0.33214.272
MinimumVisualStudioVersion = 10.0.40219.1
Project("{FAE04EC0-301F-11D3-BF4B-00C04F79EFBC}") = "Mission2", "Mission2\Mission2.csproj", "{7B32A74D-24B9-4CFA-A664-7E6944F519EF}"
EndProject
Global
	GlobalSection(SolutionConfigurationPlatforms) = preSolution
		Debug|Any CPU = Debug|Any CPU
		Release|Any CPU = Release|Any CPU
	EndGlobalSection
	GlobalSection(ProjectConfigurationPlatforms) = postSolution
		{7B32A74D-24B9-4CFA-A664-7E6944F519EF}.Debug|Any CPU.ActiveCfg = Debug|Any CPU
		{7B32A74D-24B9-4CFA-A664-7E6944F519EF}.Debug|Any CPU.Build.0 = Debug|Any CPU
		{7B32A74D-24B9-4CFA-A664-7E6944F519EF}.Release|Any CPU.ActiveCfg = Release|Any CPU
		{7B32A74D-24B9-4CFA-A664-7E6944F519EF}.Release|Any CPU.Build.0 = Release|Any CPU
	EndGlobalSection
	GlobalSection(SolutionProperties) = preSolution
		HideSolutionNode = FALSE
	EndGlobalSection
	GlobalSection(ExtensibilityGlobals) = postSolution
		SolutionGuid = {829D9B37-B67E-4697-8B80-E151A4632FA8}
	EndGlobalSection
EndGlobal
